
Microsoft Visual Studio Solution File, Format Version 12.00
# Visual Studio Version 17
VisualStudioVersion = 17.2.32616.157
MinimumVisualStudioVersion = 10.0.40219.1
Project("{FAE04EC0-301F-11D3-BF4B-00C04F79EFBC}") = "composition1", "composition1\composition1.csproj", "{AB678B8F-D018-4934-9957-6A351D2D7AE1}"
EndProject
Global
	GlobalSection(SolutionConfigurationPlatforms) = preSolution
		Debug|Any CPU = Debug|Any CPU
		Release|Any CPU = Release|Any CPU
	EndGlobalSection
	GlobalSection(ProjectConfigurationPlatforms) = postSolution
		{AB678B8F-D018-4934-9957-6A351D2D7AE1}.Debug|Any CPU.ActiveCfg = Debug|Any CPU
		{AB678B8F-D018-4934-9957-6A351D2D7AE1}.Debug|Any CPU.Build.0 = Debug|Any CPU
		{AB678B8F-D018-4934-9957-6A351D2D7AE1}.Release|Any CPU.ActiveCfg = Release|Any CPU
		{AB678B8F-D018-4934-9957-6A351D2D7AE1}.Release|Any CPU.Build.0 = Release|Any CPU
	EndGlobalSection
	GlobalSection(SolutionProperties) = preSolution
		HideSolutionNode = FALSE
	EndGlobalSection
	GlobalSection(ExtensibilityGlobals) = postSolution
		SolutionGuid = {4B794C80-15F6-4A5A-AB79-882DD2B08617}
	EndGlobalSection
EndGlobal
