
Microsoft Visual Studio Solution File, Format Version 12.00
# Visual Studio Version 17
VisualStudioVersion = 17.2.32630.192
MinimumVisualStudioVersion = 10.0.40219.1
Project("{FAE04EC0-301F-11D3-BF4B-00C04F79EFBC}") = "lambda1", "lambda1\lambda1.csproj", "{362674B7-5C98-43DF-9ED3-24A837AECE29}"
EndProject
Global
	GlobalSection(SolutionConfigurationPlatforms) = preSolution
		Debug|Any CPU = Debug|Any CPU
		Release|Any CPU = Release|Any CPU
	EndGlobalSection
	GlobalSection(ProjectConfigurationPlatforms) = postSolution
		{362674B7-5C98-43DF-9ED3-24A837AECE29}.Debug|Any CPU.ActiveCfg = Debug|Any CPU
		{362674B7-5C98-43DF-9ED3-24A837AECE29}.Debug|Any CPU.Build.0 = Debug|Any CPU
		{362674B7-5C98-43DF-9ED3-24A837AECE29}.Release|Any CPU.ActiveCfg = Release|Any CPU
		{362674B7-5C98-43DF-9ED3-24A837AECE29}.Release|Any CPU.Build.0 = Release|Any CPU
	EndGlobalSection
	GlobalSection(SolutionProperties) = preSolution
		HideSolutionNode = FALSE
	EndGlobalSection
	GlobalSection(ExtensibilityGlobals) = postSolution
		SolutionGuid = {EAB2B0DD-16D8-432E-B544-C7BEEB123A48}
	EndGlobalSection
EndGlobal
