
Microsoft Visual Studio Solution File, Format Version 12.00
# Visual Studio Version 17
VisualStudioVersion = 17.2.32630.192
MinimumVisualStudioVersion = 10.0.40219.1
Project("{FAE04EC0-301F-11D3-BF4B-00C04F79EFBC}") = "extension-method1", "extension-method1\extension-method1.csproj", "{3FC905FE-4BCA-46D6-8576-FEA0032829B6}"
EndProject
Global
	GlobalSection(SolutionConfigurationPlatforms) = preSolution
		Debug|Any CPU = Debug|Any CPU
		Release|Any CPU = Release|Any CPU
	EndGlobalSection
	GlobalSection(ProjectConfigurationPlatforms) = postSolution
		{3FC905FE-4BCA-46D6-8576-FEA0032829B6}.Debug|Any CPU.ActiveCfg = Debug|Any CPU
		{3FC905FE-4BCA-46D6-8576-FEA0032829B6}.Debug|Any CPU.Build.0 = Debug|Any CPU
		{3FC905FE-4BCA-46D6-8576-FEA0032829B6}.Release|Any CPU.ActiveCfg = Release|Any CPU
		{3FC905FE-4BCA-46D6-8576-FEA0032829B6}.Release|Any CPU.Build.0 = Release|Any CPU
	EndGlobalSection
	GlobalSection(SolutionProperties) = preSolution
		HideSolutionNode = FALSE
	EndGlobalSection
	GlobalSection(ExtensibilityGlobals) = postSolution
		SolutionGuid = {C2778DF2-59EC-4045-97C4-87EB7428926A}
	EndGlobalSection
EndGlobal
