
Microsoft Visual Studio Solution File, Format Version 12.00
# Visual Studio Version 17
VisualStudioVersion = 17.2.32630.192
MinimumVisualStudioVersion = 10.0.40219.1
Project("{FAE04EC0-301F-11D3-BF4B-00C04F79EFBC}") = "Course", "\DESKTOP-E3E82MQ\workspace\Udemy\C# COMPLETO Programação Orientada a Objetos + Projetos\Exercises\exceptions-exercise\Course\Course.csproj", "{90118776-6554-476E-A759-908E0E0241E5}"
EndProject
Global
	GlobalSection(SolutionConfigurationPlatforms) = preSolution
		Debug|Any CPU = Debug|Any CPU
		Release|Any CPU = Release|Any CPU
	EndGlobalSection
	GlobalSection(ProjectConfigurationPlatforms) = postSolution
		{90118776-6554-476E-A759-908E0E0241E5}.Debug|Any CPU.ActiveCfg = Debug|Any CPU
		{90118776-6554-476E-A759-908E0E0241E5}.Debug|Any CPU.Build.0 = Debug|Any CPU
		{90118776-6554-476E-A759-908E0E0241E5}.Release|Any CPU.ActiveCfg = Release|Any CPU
		{90118776-6554-476E-A759-908E0E0241E5}.Release|Any CPU.Build.0 = Release|Any CPU
	EndGlobalSection
	GlobalSection(SolutionProperties) = preSolution
		HideSolutionNode = FALSE
	EndGlobalSection
	GlobalSection(ExtensibilityGlobals) = postSolution
		SolutionGuid = {7536F96D-03BA-4C6A-BF6D-16C6F21FE64F}
	EndGlobalSection
EndGlobal
